
Microsoft Visual Studio Solution File, Format Version 12.00
# Visual Studio 15
VisualStudioVersion = 15.0.27130.2036
MinimumVisualStudioVersion = 10.0.40219.1
Project("{FAE04EC0-301F-11D3-BF4B-00C04F79EFBC}") = "QLBHDT", "QLBHDT\QLBHDT.csproj", "{3C1BB4F4-5571-4CBC-927E-3A7E3D78DAC2}"
EndProject
Project("{FAE04EC0-301F-11D3-BF4B-00C04F79EFBC}") = "DTO", "DTO\DTO.csproj", "{F76F2196-4579-4EDD-A3CC-F6F881403699}"
EndProject
Project("{FAE04EC0-301F-11D3-BF4B-00C04F79EFBC}") = "DAO", "DAO\DAO.csproj", "{67835C6C-A92F-4887-838E-BD9BA560C1F6}"
EndProject
Project("{FAE04EC0-301F-11D3-BF4B-00C04F79EFBC}") = "BUS", "BUS\BUS.csproj", "{2FF8CD8F-25B7-4F75-A01F-CFE85D2BA71A}"
EndProject
Global
	GlobalSection(SolutionConfigurationPlatforms) = preSolution
		Debug|Any CPU = Debug|Any CPU
		Release|Any CPU = Release|Any CPU
	EndGlobalSection
	GlobalSection(ProjectConfigurationPlatforms) = postSolution
		{3C1BB4F4-5571-4CBC-927E-3A7E3D78DAC2}.Debug|Any CPU.ActiveCfg = Debug|Any CPU
		{3C1BB4F4-5571-4CBC-927E-3A7E3D78DAC2}.Debug|Any CPU.Build.0 = Debug|Any CPU
		{3C1BB4F4-5571-4CBC-927E-3A7E3D78DAC2}.Release|Any CPU.ActiveCfg = Release|Any CPU
		{3C1BB4F4-5571-4CBC-927E-3A7E3D78DAC2}.Release|Any CPU.Build.0 = Release|Any CPU
		{F76F2196-4579-4EDD-A3CC-F6F881403699}.Debug|Any CPU.ActiveCfg = Debug|Any CPU
		{F76F2196-4579-4EDD-A3CC-F6F881403699}.Debug|Any CPU.Build.0 = Debug|Any CPU
		{F76F2196-4579-4EDD-A3CC-F6F881403699}.Release|Any CPU.ActiveCfg = Release|Any CPU
		{F76F2196-4579-4EDD-A3CC-F6F881403699}.Release|Any CPU.Build.0 = Release|Any CPU
		{67835C6C-A92F-4887-838E-BD9BA560C1F6}.Debug|Any CPU.ActiveCfg = Debug|Any CPU
		{67835C6C-A92F-4887-838E-BD9BA560C1F6}.Debug|Any CPU.Build.0 = Debug|Any CPU
		{67835C6C-A92F-4887-838E-BD9BA560C1F6}.Release|Any CPU.ActiveCfg = Release|Any CPU
		{67835C6C-A92F-4887-838E-BD9BA560C1F6}.Release|Any CPU.Build.0 = Release|Any CPU
		{2FF8CD8F-25B7-4F75-A01F-CFE85D2BA71A}.Debug|Any CPU.ActiveCfg = Debug|Any CPU
		{2FF8CD8F-25B7-4F75-A01F-CFE85D2BA71A}.Debug|Any CPU.Build.0 = Debug|Any CPU
		{2FF8CD8F-25B7-4F75-A01F-CFE85D2BA71A}.Release|Any CPU.ActiveCfg = Release|Any CPU
		{2FF8CD8F-25B7-4F75-A01F-CFE85D2BA71A}.Release|Any CPU.Build.0 = Release|Any CPU
	EndGlobalSection
	GlobalSection(SolutionProperties) = preSolution
		HideSolutionNode = FALSE
	EndGlobalSection
	GlobalSection(ExtensibilityGlobals) = postSolution
		SolutionGuid = {1E069F69-FC8A-4A12-9D7C-69C53E93B4D4}
	EndGlobalSection
EndGlobal
